
Microsoft Visual Studio Solution File, Format Version 12.00
# Visual Studio 15
VisualStudioVersion = 15.0.27428.2002
MinimumVisualStudioVersion = 10.0.40219.1
Project("{FAE04EC0-301F-11D3-BF4B-00C04F79EFBC}") = "BooleanProject", "BooleanProject\BooleanProject.csproj", "{2E289FA0-416E-4FD6-840A-FE87C2E6BA09}"
EndProject
Global
	GlobalSection(SolutionConfigurationPlatforms) = preSolution
		Debug|Any CPU = Debug|Any CPU
		Release|Any CPU = Release|Any CPU
	EndGlobalSection
	GlobalSection(ProjectConfigurationPlatforms) = postSolution
		{2E289FA0-416E-4FD6-840A-FE87C2E6BA09}.Debug|Any CPU.ActiveCfg = Debug|Any CPU
		{2E289FA0-416E-4FD6-840A-FE87C2E6BA09}.Debug|Any CPU.Build.0 = Debug|Any CPU
		{2E289FA0-416E-4FD6-840A-FE87C2E6BA09}.Release|Any CPU.ActiveCfg = Release|Any CPU
		{2E289FA0-416E-4FD6-840A-FE87C2E6BA09}.Release|Any CPU.Build.0 = Release|Any CPU
	EndGlobalSection
	GlobalSection(SolutionProperties) = preSolution
		HideSolutionNode = FALSE
	EndGlobalSection
	GlobalSection(ExtensibilityGlobals) = postSolution
		SolutionGuid = {73E371E7-C927-45C2-8FF6-E763509E494A}
	EndGlobalSection
EndGlobal
